# THIS IS AN AUTOGENERATED FILE. DO NOT EDIT THIS FILE DIRECTLY.
# yarn lockfile v1


"@csstools/cascade-layer-name-parser@^1.0.3":
  version "1.0.3"
  resolved "http://r.npm.sankuai.com/@csstools/cascade-layer-name-parser/download/@csstools/cascade-layer-name-parser-1.0.3.tgz#7f049a670c1e071102243ab6c392174844ca6cd7"
  integrity sha1-fwSaZwweBxECJDq2w5IXSETKbNc=

"@csstools/color-helpers@^3.0.0":
  version "3.0.0"
  resolved "http://r.npm.sankuai.com/@csstools/color-helpers/download/@csstools/color-helpers-3.0.0.tgz#b64a9d86663b6d843b169f5da300f78c0242efc2"
  integrity sha1-tkqdhmY7bYQ7Fp9dowD3jAJC78I=

"@csstools/css-calc@^1.1.2":
  version "1.1.2"
  resolved "http://r.npm.sankuai.com/@csstools/css-calc/download/@csstools/css-calc-1.1.2.tgz#bf2c376bbb9a43de4851a7efcde1818d18e0fe7d"
  integrity sha1-vyw3a7uaQ95IUafvzeGBjRjg/n0=

"@csstools/css-color-parser@^1.2.0", "@csstools/css-color-parser@^1.2.2":
  version "1.2.2"
  resolved "http://r.npm.sankuai.com/@csstools/css-color-parser/download/@csstools/css-color-parser-1.2.2.tgz#730e69eb72efdcfd644f8b14fcdb816b69a4c290"
  integrity sha1-cw5p63Lv3P1kT4sU/NuBa2mkwpA=
  dependencies:
    "@csstools/color-helpers" "^3.0.0"
    "@csstools/css-calc" "^1.1.2"

"@csstools/css-parser-algorithms@^2.1.1", "@csstools/css-parser-algorithms@^2.3.0":
  version "2.3.0"
  resolved "http://r.npm.sankuai.com/@csstools/css-parser-algorithms/download/@csstools/css-parser-algorithms-2.3.0.tgz#0cc3a656dc2d638370ecf6f98358973bfbd00141"
  integrity sha1-DMOmVtwtY4Nw7Pb5g1iXO/vQAUE=

"@csstools/css-tokenizer@^2.1.1":
  version "2.1.1"
  resolved "http://r.npm.sankuai.com/@csstools/css-tokenizer/download/@csstools/css-tokenizer-2.1.1.tgz#07ae11a0a06365d7ec686549db7b729bc036528e"
  integrity sha1-B64RoKBjZdfsaGVJ23tym8A2Uo4=

"@csstools/media-query-list-parser@^2.1.2":
  version "2.1.2"
  resolved "http://r.npm.sankuai.com/@csstools/media-query-list-parser/download/@csstools/media-query-list-parser-2.1.2.tgz#6ef642b728d30c1009bfbba3211c7e4c11302728"
  integrity sha1-bvZCtyjTDBAJv7ujIRx+TBEwJyg=

"@csstools/postcss-cascade-layers@^4.0.0":
  version "4.0.0"
  resolved "http://r.npm.sankuai.com/@csstools/postcss-cascade-layers/download/@csstools/postcss-cascade-layers-4.0.0.tgz#21f8556de640f9f9ccfb950c49a886280fe5497e"
  integrity sha1-IfhVbeZA+fnM+5UMSaiGKA/lSX4=
  dependencies:
    "@csstools/selector-specificity" "^3.0.0"
    postcss-selector-parser "^6.0.13"

"@csstools/postcss-color-function@^2.2.3":
  version "2.2.3"
  resolved "http://r.npm.sankuai.com/@csstools/postcss-color-function/download/@csstools/postcss-color-function-2.2.3.tgz#c15546c3cc6041293024cdaa7d7998a340f88c39"
  integrity sha1-wVVGw8xgQSkwJM2qfXmYo0D4jDk=
  dependencies:
    "@csstools/css-color-parser" "^1.2.0"
    "@csstools/css-parser-algorithms" "^2.1.1"
    "@csstools/css-tokenizer" "^2.1.1"
    "@csstools/postcss-progressive-custom-properties" "^2.3.0"

"@csstools/postcss-color-mix-function@^1.0.3":
  version "1.0.3"
  resolved "http://r.npm.sankuai.com/@csstools/postcss-color-mix-function/download/@csstools/postcss-color-mix-function-1.0.3.tgz#3755894bd8a04f82739327717700497a3f2f6f73"
  integrity sha1-N1WJS9igT4JzkydxdwBJej8vb3M=
  dependencies:
    "@csstools/css-color-parser" "^1.2.0"
    "@csstools/css-parser-algorithms" "^2.1.1"
    "@csstools/css-tokenizer" "^2.1.1"
    "@csstools/postcss-progressive-custom-properties" "^2.3.0"

"@csstools/postcss-font-format-keywords@^3.0.0":
  version "3.0.0"
  resolved "http://r.npm.sankuai.com/@csstools/postcss-font-format-keywords/download/@csstools/postcss-font-format-keywords-3.0.0.tgz#9ca3a3ca67122862addf8a1c0c61a6db02dea1cc"
  integrity sha1-nKOjymcSKGKt34ocDGGm2wLeocw=
  dependencies:
    postcss-value-parser "^4.2.0"

"@csstools/postcss-gradients-interpolation-method@^4.0.0":
  version "4.0.0"
  resolved "http://r.npm.sankuai.com/@csstools/postcss-gradients-interpolation-method/download/@csstools/postcss-gradients-interpolation-method-4.0.0.tgz#ac0a28b0a9e299a8627be8ae9aad6d6eaa487a84"
  integrity sha1-rAoosKnimahie+iumq1tbqpIeoQ=
  dependencies:
    "@csstools/css-color-parser" "^1.2.2"
    "@csstools/css-parser-algorithms" "^2.3.0"
    "@csstools/css-tokenizer" "^2.1.1"
    "@csstools/postcss-progressive-custom-properties" "^3.0.0"

"@csstools/postcss-hwb-function@^3.0.0":
  version "3.0.0"
  resolved "http://r.npm.sankuai.com/@csstools/postcss-hwb-function/download/@csstools/postcss-hwb-function-3.0.0.tgz#af31e412ecf2a6fd25dbd9c4b86ca362328d914c"
  integrity sha1-rzHkEuzypv0l29nEuGyjYjKNkUw=
  dependencies:
    "@csstools/css-color-parser" "^1.2.2"
    "@csstools/css-parser-algorithms" "^2.3.0"
    "@csstools/css-tokenizer" "^2.1.1"

"@csstools/postcss-ic-unit@^3.0.0":
  version "3.0.0"
  resolved "http://r.npm.sankuai.com/@csstools/postcss-ic-unit/download/@csstools/postcss-ic-unit-3.0.0.tgz#bbc55170d880daa3cc096ee160e8f2492a48e881"
  integrity sha1-u8VRcNiA2qPMCW7hYOjySSpI6IE=
  dependencies:
    "@csstools/postcss-progressive-custom-properties" "^3.0.0"
    postcss-value-parser "^4.2.0"

"@csstools/postcss-is-pseudo-class@^4.0.0":
  version "4.0.0"
  resolved "http://r.npm.sankuai.com/@csstools/postcss-is-pseudo-class/download/@csstools/postcss-is-pseudo-class-4.0.0.tgz#954c489cf207a7cfeaf4d96d39fac50757dc48cf"
  integrity sha1-lUxInPIHp8/q9NltOfrFB1fcSM8=
  dependencies:
    "@csstools/selector-specificity" "^3.0.0"
    postcss-selector-parser "^6.0.13"

"@csstools/postcss-logical-float-and-clear@^2.0.0":
  version "2.0.0"
  resolved "http://r.npm.sankuai.com/@csstools/postcss-logical-float-and-clear/download/@csstools/postcss-logical-float-and-clear-2.0.0.tgz#15e1b5d16dce01ad1e676167d0909e3958234eb5"
  integrity sha1-FeG10W3OAa0eZ2Fn0JCeOVgjTrU=

"@csstools/postcss-logical-resize@^2.0.0":
  version "2.0.0"
  resolved "http://r.npm.sankuai.com/@csstools/postcss-logical-resize/download/@csstools/postcss-logical-resize-2.0.0.tgz#751bd5aab335c9973e346e3edacb2a0a16fa8296"
  integrity sha1-dRvVqrM1yZc+NG4+2ssqChb6gpY=
  dependencies:
    postcss-value-parser "^4.2.0"

"@csstools/postcss-logical-viewport-units@^2.0.0":
  version "2.0.0"
  resolved "http://r.npm.sankuai.com/@csstools/postcss-logical-viewport-units/download/@csstools/postcss-logical-viewport-units-2.0.0.tgz#f56dddcf36ab193ca02aa6a6111d81e2d9ce8a9c"
  integrity sha1-9W3dzzarGTygKqamER2B4tnOipw=
  dependencies:
    "@csstools/css-tokenizer" "^2.1.1"

"@csstools/postcss-media-minmax@^1.0.5":
  version "1.0.5"
  resolved "http://r.npm.sankuai.com/@csstools/postcss-media-minmax/download/@csstools/postcss-media-minmax-1.0.5.tgz#4a645b4ea16634412845cdae58fb7dacfc4918fe"
  integrity sha1-SmRbTqFmNEEoRc2uWPt9rPxJGP4=
  dependencies:
    "@csstools/css-calc" "^1.1.2"
    "@csstools/css-parser-algorithms" "^2.3.0"
    "@csstools/css-tokenizer" "^2.1.1"
    "@csstools/media-query-list-parser" "^2.1.2"

"@csstools/postcss-media-queries-aspect-ratio-number-values@^2.0.0":
  version "2.0.0"
  resolved "http://r.npm.sankuai.com/@csstools/postcss-media-queries-aspect-ratio-number-values/download/@csstools/postcss-media-queries-aspect-ratio-number-values-2.0.0.tgz#e049dae1c85e69cc84e85faf2bcaca5e0d8813da"
  integrity sha1-4Ena4cheacyE6F+vK8rKXg2IE9o=
  dependencies:
    "@csstools/css-parser-algorithms" "^2.3.0"
    "@csstools/css-tokenizer" "^2.1.1"
    "@csstools/media-query-list-parser" "^2.1.2"

"@csstools/postcss-nested-calc@^3.0.0":
  version "3.0.0"
  resolved "http://r.npm.sankuai.com/@csstools/postcss-nested-calc/download/@csstools/postcss-nested-calc-3.0.0.tgz#b9069f5e1c2ea08de3840a5922e39af4e0ecf4b1"
  integrity sha1-uQafXhwuoI3jhApZIuOa9ODs9LE=
  dependencies:
    postcss-value-parser "^4.2.0"

"@csstools/postcss-normalize-display-values@^3.0.0":
  version "3.0.0"
  resolved "http://r.npm.sankuai.com/@csstools/postcss-normalize-display-values/download/@csstools/postcss-normalize-display-values-3.0.0.tgz#de995eeafe217ac1854a7135b1db44c57487e9ea"
  integrity sha1-3ple6v4hesGFSnE1sdtExXSH6eo=
  dependencies:
    postcss-value-parser "^4.2.0"

"@csstools/postcss-oklab-function@^3.0.0":
  version "3.0.0"
  resolved "http://r.npm.sankuai.com/@csstools/postcss-oklab-function/download/@csstools/postcss-oklab-function-3.0.0.tgz#989f1ca5407b95b5a23ca5fd65ca3242709042e2"
  integrity sha1-mJ8cpUB7lbWiPKX9ZcoyQnCQQuI=
  dependencies:
    "@csstools/css-color-parser" "^1.2.2"
    "@csstools/css-parser-algorithms" "^2.3.0"
    "@csstools/css-tokenizer" "^2.1.1"
    "@csstools/postcss-progressive-custom-properties" "^3.0.0"

"@csstools/postcss-progressive-custom-properties@^2.3.0":
  version "2.3.0"
  resolved "http://r.npm.sankuai.com/@csstools/postcss-progressive-custom-properties/download/@csstools/postcss-progressive-custom-properties-2.3.0.tgz#c16ad5fd9893136efc844e867e80f4becdb223d9"
  integrity sha1-wWrV/ZiTE278hE6GfoD0vs2yI9k=
  dependencies:
    postcss-value-parser "^4.2.0"

"@csstools/postcss-progressive-custom-properties@^3.0.0":
  version "3.0.0"
  resolved "http://r.npm.sankuai.com/@csstools/postcss-progressive-custom-properties/download/@csstools/postcss-progressive-custom-properties-3.0.0.tgz#bb86ae4bb7f2206b0cf6e9b8f0bfc191f67271d8"
  integrity sha1-u4auS7fyIGsM9um48L/BkfZycdg=
  dependencies:
    postcss-value-parser "^4.2.0"

"@csstools/postcss-relative-color-syntax@^2.0.0":
  version "2.0.0"
  resolved "http://r.npm.sankuai.com/@csstools/postcss-relative-color-syntax/download/@csstools/postcss-relative-color-syntax-2.0.0.tgz#95d521e1e055ef162ef0e7d051b1f3c654a13ca8"
  integrity sha1-ldUh4eBV7xYu8OfQUbHzxlShPKg=
  dependencies:
    "@csstools/css-color-parser" "^1.2.2"
    "@csstools/css-parser-algorithms" "^2.3.0"
    "@csstools/css-tokenizer" "^2.1.1"
    "@csstools/postcss-progressive-custom-properties" "^3.0.0"

"@csstools/postcss-scope-pseudo-class@^3.0.0":
  version "3.0.0"
  resolved "http://r.npm.sankuai.com/@csstools/postcss-scope-pseudo-class/download/@csstools/postcss-scope-pseudo-class-3.0.0.tgz#23f32181b7de9a33e7c7c71f7620b78284955b82"
  integrity sha1-I/MhgbfemjPnx8cfdiC3goSVW4I=
  dependencies:
    postcss-selector-parser "^6.0.13"

"@csstools/postcss-stepped-value-functions@^3.0.0":
  version "3.0.0"
  resolved "http://r.npm.sankuai.com/@csstools/postcss-stepped-value-functions/download/@csstools/postcss-stepped-value-functions-3.0.0.tgz#4b315190f860383d0167484f8758535f9303f27a"
  integrity sha1-SzFRkPhgOD0BZ0hPh1hTX5MD8no=
  dependencies:
    "@csstools/css-calc" "^1.1.2"
    "@csstools/css-parser-algorithms" "^2.3.0"
    "@csstools/css-tokenizer" "^2.1.1"

"@csstools/postcss-text-decoration-shorthand@^3.0.0":
  version "3.0.0"
  resolved "http://r.npm.sankuai.com/@csstools/postcss-text-decoration-shorthand/download/@csstools/postcss-text-decoration-shorthand-3.0.0.tgz#468800a47fcb4760df8c60bbf1ba7999f44b4dd4"
  integrity sha1-RogApH/LR2DfjGC78bp5mfRLTdQ=
  dependencies:
    "@csstools/color-helpers" "^3.0.0"
    postcss-value-parser "^4.2.0"

"@csstools/postcss-trigonometric-functions@^3.0.0":
  version "3.0.0"
  resolved "http://r.npm.sankuai.com/@csstools/postcss-trigonometric-functions/download/@csstools/postcss-trigonometric-functions-3.0.0.tgz#09508f49a57626558f7d6283e661ae5283d6d53d"
  integrity sha1-CVCPSaV2JlWPfWKD5mGuUoPW1T0=
  dependencies:
    "@csstools/css-calc" "^1.1.2"
    "@csstools/css-parser-algorithms" "^2.3.0"
    "@csstools/css-tokenizer" "^2.1.1"

"@csstools/postcss-unset-value@^3.0.0":
  version "3.0.0"
  resolved "http://r.npm.sankuai.com/@csstools/postcss-unset-value/download/@csstools/postcss-unset-value-3.0.0.tgz#6d2f08140b41d3e70d805ccd2baaf64a6f59fdac"
  integrity sha1-bS8IFAtB0+cNgFzNK6r2Sm9Z/aw=

"@csstools/selector-specificity@^3.0.0":
  version "3.0.0"
  resolved "http://r.npm.sankuai.com/@csstools/selector-specificity/download/@csstools/selector-specificity-3.0.0.tgz#798622546b63847e82389e473fd67f2707d82247"
  integrity sha1-eYYiVGtjhH6COJ5HP9Z/JwfYIkc=

"@esbuild/android-arm64@0.18.12":
  version "0.18.12"
  resolved "http://r.npm.sankuai.com/@esbuild/android-arm64/download/@esbuild/android-arm64-0.18.12.tgz#d2b7408f2d2fe6ad93877d90ebb18e0d2648828c"
  integrity sha1-0rdAjy0v5q2Th32Q67GODSZIgow=

"@esbuild/android-arm@0.18.12":
  version "0.18.12"
  resolved "http://r.npm.sankuai.com/@esbuild/android-arm/download/@esbuild/android-arm-0.18.12.tgz#b91c893170ef45b3a094795b5a44ee519c23aed6"
  integrity sha1-uRyJMXDvRbOglHlbWkTuUZwjrtY=

"@esbuild/android-x64@0.18.12":
  version "0.18.12"
  resolved "http://r.npm.sankuai.com/@esbuild/android-x64/download/@esbuild/android-x64-0.18.12.tgz#26c97fa3e70adeab859dc08a6814c0502d3d8e16"
  integrity sha1-Jsl/o+cK3quFncCKaBTAUC09jhY=

"@esbuild/darwin-arm64@0.18.12":
  version "0.18.12"
  resolved "http://r.npm.sankuai.com/@esbuild/darwin-arm64/download/@esbuild/darwin-arm64-0.18.12.tgz#c2e54e9b5d340d1d1719edf786b905399e0dfd44"
  integrity sha1-wuVOm100DR0XGe33hrkFOZ4N/UQ=

"@esbuild/darwin-x64@0.18.12":
  version "0.18.12"
  resolved "http://r.npm.sankuai.com/@esbuild/darwin-x64/download/@esbuild/darwin-x64-0.18.12.tgz#1029cfbd5fe22e5426470dee63511b33eeeb8127"
  integrity sha1-ECnPvV/iLlQmRw3uY1EbM+7rgSc=

"@esbuild/freebsd-arm64@0.18.12":
  version "0.18.12"
  resolved "http://r.npm.sankuai.com/@esbuild/freebsd-arm64/download/@esbuild/freebsd-arm64-0.18.12.tgz#613e261c2af436c5c88df77ebcf8ba9f5da49fa8"
  integrity sha1-YT4mHCr0NsXIjfd+vPi6n12kn6g=

"@esbuild/freebsd-x64@0.18.12":
  version "0.18.12"
  resolved "http://r.npm.sankuai.com/@esbuild/freebsd-x64/download/@esbuild/freebsd-x64-0.18.12.tgz#367ebe738a43caced16564a4d2f05d24880b767c"
  integrity sha1-Nn6+c4pDys7RZWSk0vBdJIgLdnw=

"@esbuild/linux-arm64@0.18.12":
  version "0.18.12"
  resolved "http://r.npm.sankuai.com/@esbuild/linux-arm64/download/@esbuild/linux-arm64-0.18.12.tgz#6ba110e496fa83de5e955f66f7e92a576b03e950"
  integrity sha1-a6EQ5Jb6g95elV9m9+kqV2sD6VA=

"@esbuild/linux-arm@0.18.12":
  version "0.18.12"
  resolved "http://r.npm.sankuai.com/@esbuild/linux-arm/download/@esbuild/linux-arm-0.18.12.tgz#21688a452c82c1422eb7f7fee80fc649bef40fb8"
  integrity sha1-IWiKRSyCwUIut/f+6A/GSb70D7g=

"@esbuild/linux-ia32@0.18.12":
  version "0.18.12"
  resolved "http://r.npm.sankuai.com/@esbuild/linux-ia32/download/@esbuild/linux-ia32-0.18.12.tgz#78f0ae5068251831db012fb2dcdee6c37a54a92e"
  integrity sha1-ePCuUGglGDHbAS+y3N7mw3pUqS4=

"@esbuild/linux-loong64@0.18.12":
  version "0.18.12"
  resolved "http://r.npm.sankuai.com/@esbuild/linux-loong64/download/@esbuild/linux-loong64-0.18.12.tgz#6b33d8904be562f77587857d87d781264319a6ea"
  integrity sha1-azPYkEvlYvd1h4V9h9eBJkMZpuo=

"@esbuild/linux-mips64el@0.18.12":
  version "0.18.12"
  resolved "http://r.npm.sankuai.com/@esbuild/linux-mips64el/download/@esbuild/linux-mips64el-0.18.12.tgz#2313a1b0528ebe24d1c5eab010e0e2427b54ca24"
  integrity sha1-IxOhsFKOviTRxeqwEODiQntUyiQ=

"@esbuild/linux-ppc64@0.18.12":
  version "0.18.12"
  resolved "http://r.npm.sankuai.com/@esbuild/linux-ppc64/download/@esbuild/linux-ppc64-0.18.12.tgz#38d0d25174e5307c443884e5723887e7dada49f1"
  integrity sha1-ONDSUXTlMHxEOITlcjiH59raSfE=

"@esbuild/linux-riscv64@0.18.12":
  version "0.18.12"
  resolved "http://r.npm.sankuai.com/@esbuild/linux-riscv64/download/@esbuild/linux-riscv64-0.18.12.tgz#79a28320967911ff31a88b39353cc2ad151d3696"
  integrity sha1-eaKDIJZ5Ef8xqIs5NTzCrRUdNpY=

"@esbuild/linux-s390x@0.18.12":
  version "0.18.12"
  resolved "http://r.npm.sankuai.com/@esbuild/linux-s390x/download/@esbuild/linux-s390x-0.18.12.tgz#48db270c54e8d32110e0aa63f8a87d2485fb6cdf"
  integrity sha1-SNsnDFTo0yEQ4Kpj+Kh9JIX7bN8=

"@esbuild/linux-x64@0.18.12":
  version "0.18.12"
  resolved "http://r.npm.sankuai.com/@esbuild/linux-x64/download/@esbuild/linux-x64-0.18.12.tgz#05d9b4af808faf5fcd79b565f186ff86aa31b5b1"
  integrity sha1-Bdm0r4CPr1/NebVl8Yb/hqoxtbE=

"@esbuild/netbsd-x64@0.18.12":
  version "0.18.12"
  resolved "http://r.npm.sankuai.com/@esbuild/netbsd-x64/download/@esbuild/netbsd-x64-0.18.12.tgz#8e027526e556c3e909b55bb3b1839013ff9d9786"
  integrity sha1-jgJ1JuVWw+kJtVuzsYOQE/+dl4Y=

"@esbuild/openbsd-x64@0.18.12":
  version "0.18.12"
  resolved "http://r.npm.sankuai.com/@esbuild/openbsd-x64/download/@esbuild/openbsd-x64-0.18.12.tgz#81f5141b50987e05967b05d0ca6271fbb2f57532"
  integrity sha1-gfUUG1CYfgWWewXQymJx+7L1dTI=

"@esbuild/sunos-x64@0.18.12":
  version "0.18.12"
  resolved "http://r.npm.sankuai.com/@esbuild/sunos-x64/download/@esbuild/sunos-x64-0.18.12.tgz#4d91cf84062dd0db5e9f8484dcaaff6443557839"
  integrity sha1-TZHPhAYt0Nten4SE3Kr/ZENVeDk=

"@esbuild/win32-arm64@0.18.12":
  version "0.18.12"
  resolved "http://r.npm.sankuai.com/@esbuild/win32-arm64/download/@esbuild/win32-arm64-0.18.12.tgz#cdb85b318a92ce7ee7736f7c29cde2f5c687957e"
  integrity sha1-zbhbMYqSzn7nc298Kc3i9caHlX4=

"@esbuild/win32-ia32@0.18.12":
  version "0.18.12"
  resolved "http://r.npm.sankuai.com/@esbuild/win32-ia32/download/@esbuild/win32-ia32-0.18.12.tgz#cd9d6860992aae3f039bec40ce8fac92ffac8911"
  integrity sha1-zZ1oYJkqrj8Dm+xAzo+skv+siRE=

"@esbuild/win32-x64@0.18.12":
  version "0.18.12"
  resolved "http://r.npm.sankuai.com/@esbuild/win32-x64/download/@esbuild/win32-x64-0.18.12.tgz#1da26735ce5954bf914f8f2117b5096c548bbba2"
  integrity sha1-HaJnNc5ZVL+RT48hF7UJbFSLu6I=

autoprefixer@^10.4.14:
  version "10.4.14"
  resolved "http://r.npm.sankuai.com/autoprefixer/download/autoprefixer-10.4.14.tgz#e28d49902f8e759dd25b153264e862df2705f79d"
  integrity sha1-4o1JkC+OdZ3SWxUyZOhi3ycF950=
  dependencies:
    browserslist "^4.21.5"
    caniuse-lite "^1.0.30001464"
    fraction.js "^4.2.0"
    normalize-range "^0.1.2"
    picocolors "^1.0.0"
    postcss-value-parser "^4.2.0"

browserslist@^4.21.5, browserslist@^4.21.9:
  version "4.21.9"
  resolved "http://r.npm.sankuai.com/browserslist/download/browserslist-4.21.9.tgz#e11bdd3c313d7e2a9e87e8b4b0c7872b13897635"
  integrity sha1-4RvdPDE9fiqeh+i0sMeHKxOJdjU=
  dependencies:
    caniuse-lite "^1.0.30001503"
    electron-to-chromium "^1.4.431"
    node-releases "^2.0.12"
    update-browserslist-db "^1.0.11"

caniuse-lite@^1.0.30001464, caniuse-lite@^1.0.30001503:
  version "1.0.30001511"
  resolved "http://r.npm.sankuai.com/caniuse-lite/download/caniuse-lite-1.0.30001511.tgz#e6e2a1614275c6fb8e3acfd74a8c3a70e53ed233"
  integrity sha1-5uKhYUJ1xvuOOs/XSow6cOU+0jM=

css-blank-pseudo@^6.0.0:
  version "6.0.0"
  resolved "http://r.npm.sankuai.com/css-blank-pseudo/download/css-blank-pseudo-6.0.0.tgz#2bc6f812a5f60296c04c55b1696bad4300dcdbcc"
  integrity sha1-K8b4EqX2ApbATFWxaWutQwDc28w=
  dependencies:
    postcss-selector-parser "^6.0.13"

css-has-pseudo@^6.0.0:
  version "6.0.0"
  resolved "http://r.npm.sankuai.com/css-has-pseudo/download/css-has-pseudo-6.0.0.tgz#b8c8f39a19bc83c5be59fd251510a7e443c47968"
  integrity sha1-uMjzmhm8g8W+Wf0lFRCn5EPEeWg=
  dependencies:
    "@csstools/selector-specificity" "^3.0.0"
    postcss-selector-parser "^6.0.13"
    postcss-value-parser "^4.2.0"

css-prefers-color-scheme@^9.0.0:
  version "9.0.0"
  resolved "http://r.npm.sankuai.com/css-prefers-color-scheme/download/css-prefers-color-scheme-9.0.0.tgz#7e9b74062655ea15490e359cb456a3b9f4c93327"
  integrity sha1-fpt0BiZV6hVJDjWctFajufTJMyc=

cssdb@^7.6.0:
  version "7.6.0"
  resolved "http://r.npm.sankuai.com/cssdb/download/cssdb-7.6.0.tgz#beac8f7a5f676db62d3c33da517ef4c9eb008f8b"
  integrity sha1-vqyPel9nbbYtPDPaUX70yesAj4s=

cssesc@^3.0.0:
  version "3.0.0"
  resolved "http://r.npm.sankuai.com/cssesc/download/cssesc-3.0.0.tgz#37741919903b868565e1c09ea747445cd18983ee"
  integrity sha1-N3QZGZA7hoVl4cCep0dEXNGJg+4=

electron-to-chromium@^1.4.431:
  version "1.4.434"
  resolved "http://r.npm.sankuai.com/electron-to-chromium/download/electron-to-chromium-1.4.434.tgz#4bdef7b5b18d8dac177ec0d31dab9f92eebf22a1"
  integrity sha1-S973tbGNjawXfsDTHaufku6/IqE=

esbuild@^0.18.10:
  version "0.18.12"
  resolved "http://r.npm.sankuai.com/esbuild/download/esbuild-0.18.12.tgz#861d37cc321ac797d059f221d9da12acfe555350"
  integrity sha1-hh03zDIax5fQWfIh2doSrP5VU1A=
  optionalDependencies:
    "@esbuild/android-arm" "0.18.12"
    "@esbuild/android-arm64" "0.18.12"
    "@esbuild/android-x64" "0.18.12"
    "@esbuild/darwin-arm64" "0.18.12"
    "@esbuild/darwin-x64" "0.18.12"
    "@esbuild/freebsd-arm64" "0.18.12"
    "@esbuild/freebsd-x64" "0.18.12"
    "@esbuild/linux-arm" "0.18.12"
    "@esbuild/linux-arm64" "0.18.12"
    "@esbuild/linux-ia32" "0.18.12"
    "@esbuild/linux-loong64" "0.18.12"
    "@esbuild/linux-mips64el" "0.18.12"
    "@esbuild/linux-ppc64" "0.18.12"
    "@esbuild/linux-riscv64" "0.18.12"
    "@esbuild/linux-s390x" "0.18.12"
    "@esbuild/linux-x64" "0.18.12"
    "@esbuild/netbsd-x64" "0.18.12"
    "@esbuild/openbsd-x64" "0.18.12"
    "@esbuild/sunos-x64" "0.18.12"
    "@esbuild/win32-arm64" "0.18.12"
    "@esbuild/win32-ia32" "0.18.12"
    "@esbuild/win32-x64" "0.18.12"

escalade@^3.1.1:
  version "3.1.1"
  resolved "http://r.npm.sankuai.com/escalade/download/escalade-3.1.1.tgz#d8cfdc7000965c5a0174b4a82eaa5c0552742e40"
  integrity sha1-2M/ccACWXFoBdLSoLqpcBVJ0LkA=

fraction.js@^4.2.0:
  version "4.2.0"
  resolved "http://r.npm.sankuai.com/fraction.js/download/fraction.js-4.2.0.tgz#448e5109a313a3527f5a3ab2119ec4cf0e0e2950"
  integrity sha1-RI5RCaMTo1J/WjqyEZ7Ezw4OKVA=

fsevents@~2.3.2:
  version "2.3.2"
  resolved "http://r.npm.sankuai.com/fsevents/download/fsevents-2.3.2.tgz#8a526f78b8fdf4623b709e0b975c52c24c02fd1a"
  integrity sha1-ilJveLj99GI7cJ4Ll1xSwkwC/Ro=

lodash-es@^4.17.21:
  version "4.17.21"
  resolved "http://r.npm.sankuai.com/lodash-es/download/lodash-es-4.17.21.tgz#43e626c46e6591b7750beb2b50117390c609e3ee"
  integrity sha1-Q+YmxG5lkbd1C+srUBFzkMYJ4+4=

lodash@^4.17.21:
  version "4.17.21"
  resolved "http://r.npm.sankuai.com/lodash/download/lodash-4.17.21.tgz#679591c564c3bffaae8454cf0b3df370c3d6911c"
  integrity sha1-Z5WRxWTDv/quhFTPCz3zcMPWkRw=

nanoid@^3.3.6:
  version "3.3.6"
  resolved "http://r.npm.sankuai.com/nanoid/download/nanoid-3.3.6.tgz#443380c856d6e9f9824267d960b4236ad583ea4c"
  integrity sha1-RDOAyFbW6fmCQmfZYLQjatWD6kw=

node-releases@^2.0.12:
  version "2.0.12"
  resolved "http://r.npm.sankuai.com/node-releases/download/node-releases-2.0.12.tgz#35627cc224a23bfb06fb3380f2b3afaaa7eb1039"
  integrity sha1-NWJ8wiSiO/sG+zOA8rOvqqfrEDk=

normalize-range@^0.1.2:
  version "0.1.2"
  resolved "http://r.npm.sankuai.com/normalize-range/download/normalize-range-0.1.2.tgz#2d10c06bdfd312ea9777695a4d28439456b75942"
  integrity sha1-LRDAa9/TEuqXd2laTShDlFa3WUI=

picocolors@^1.0.0:
  version "1.0.0"
  resolved "http://r.npm.sankuai.com/picocolors/download/picocolors-1.0.0.tgz#cb5bdc74ff3f51892236eaf79d68bc44564ab81c"
  integrity sha1-y1vcdP8/UYkiNur3nWi8RFZKuBw=

postcss-attribute-case-insensitive@^6.0.2:
  version "6.0.2"
  resolved "http://r.npm.sankuai.com/postcss-attribute-case-insensitive/download/postcss-attribute-case-insensitive-6.0.2.tgz#e843091859323342e461878d201ee70278809e01"
  integrity sha1-6EMJGFkyM0LkYYeNIB7nAniAngE=
  dependencies:
    postcss-selector-parser "^6.0.10"

postcss-clamp@^4.1.0:
  version "4.1.0"
  resolved "http://r.npm.sankuai.com/postcss-clamp/download/postcss-clamp-4.1.0.tgz#7263e95abadd8c2ba1bd911b0b5a5c9c93e02363"
  integrity sha1-cmPpWrrdjCuhvZEbC1pcnJPgI2M=
  dependencies:
    postcss-value-parser "^4.2.0"

postcss-color-functional-notation@^6.0.0:
  version "6.0.0"
  resolved "http://r.npm.sankuai.com/postcss-color-functional-notation/download/postcss-color-functional-notation-6.0.0.tgz#dcc1b8b6273099c597a790dc484d89e2573f5f17"
  integrity sha1-3MG4ticwmcWXp5DcSE2J4lc/Xxc=
  dependencies:
    "@csstools/postcss-progressive-custom-properties" "^3.0.0"
    postcss-value-parser "^4.2.0"

postcss-color-hex-alpha@^9.0.2:
  version "9.0.2"
  resolved "http://r.npm.sankuai.com/postcss-color-hex-alpha/download/postcss-color-hex-alpha-9.0.2.tgz#6d3ed50342802469880981a1999515d003ff7d79"
  integrity sha1-bT7VA0KAJGmICYGhmZUV0AP/fXk=
  dependencies:
    postcss-value-parser "^4.2.0"

postcss-color-rebeccapurple@^9.0.0:
  version "9.0.0"
  resolved "http://r.npm.sankuai.com/postcss-color-rebeccapurple/download/postcss-color-rebeccapurple-9.0.0.tgz#317bf718962c70b779efacf3dc040c56f05d03ce"
  integrity sha1-MXv3GJYscLd576zz3AQMVvBdA84=
  dependencies:
    postcss-value-parser "^4.2.0"

postcss-custom-media@^10.0.0:
  version "10.0.0"
  resolved "http://r.npm.sankuai.com/postcss-custom-media/download/postcss-custom-media-10.0.0.tgz#299781f67d043de7d3eaa13923c26c586d9cd57a"
  integrity sha1-KZeB9n0EPefT6qE5I8JsWG2c1Xo=
  dependencies:
    "@csstools/cascade-layer-name-parser" "^1.0.3"
    "@csstools/css-parser-algorithms" "^2.3.0"
    "@csstools/css-tokenizer" "^2.1.1"
    "@csstools/media-query-list-parser" "^2.1.2"

postcss-custom-properties@^13.2.1:
  version "13.2.1"
  resolved "http://r.npm.sankuai.com/postcss-custom-properties/download/postcss-custom-properties-13.2.1.tgz#82452ea09b796bf0271cc945badcca18ef59df1c"
  integrity sha1-gkUuoJt5a/AnHMlFutzKGO9Z3xw=
  dependencies:
    "@csstools/cascade-layer-name-parser" "^1.0.3"
    "@csstools/css-parser-algorithms" "^2.3.0"
    "@csstools/css-tokenizer" "^2.1.1"
    postcss-value-parser "^4.2.0"

postcss-custom-selectors@^7.1.4:
  version "7.1.4"
  resolved "http://r.npm.sankuai.com/postcss-custom-selectors/download/postcss-custom-selectors-7.1.4.tgz#5980972353119af0d9725bdcccad46be8cfc9011"
  integrity sha1-WYCXI1MRmvDZclvczK1Gvoz8kBE=
  dependencies:
    "@csstools/cascade-layer-name-parser" "^1.0.3"
    "@csstools/css-parser-algorithms" "^2.3.0"
    "@csstools/css-tokenizer" "^2.1.1"
    postcss-selector-parser "^6.0.13"

postcss-dir-pseudo-class@^8.0.0:
  version "8.0.0"
  resolved "http://r.npm.sankuai.com/postcss-dir-pseudo-class/download/postcss-dir-pseudo-class-8.0.0.tgz#9e4e37d170f672520d3f38fd8376db0ca04d4e9c"
  integrity sha1-nk430XD2clINPzj9g3bbDKBNTpw=
  dependencies:
    postcss-selector-parser "^6.0.13"

postcss-double-position-gradients@^5.0.0:
  version "5.0.0"
  resolved "http://r.npm.sankuai.com/postcss-double-position-gradients/download/postcss-double-position-gradients-5.0.0.tgz#cdc11e1210c3fbd3f7bc242a5ee83e5b9d7db8fa"
  integrity sha1-zcEeEhDD+9P3vCQqXug+W519uPo=
  dependencies:
    "@csstools/postcss-progressive-custom-properties" "^3.0.0"
    postcss-value-parser "^4.2.0"

postcss-focus-visible@^9.0.0:
  version "9.0.0"
  resolved "http://r.npm.sankuai.com/postcss-focus-visible/download/postcss-focus-visible-9.0.0.tgz#a81227428d6f1e524099c6581f7c7132f987e382"
  integrity sha1-qBInQo1vHlJAmcZYH3xxMvmH44I=
  dependencies:
    postcss-selector-parser "^6.0.13"

postcss-focus-within@^8.0.0:
  version "8.0.0"
  resolved "http://r.npm.sankuai.com/postcss-focus-within/download/postcss-focus-within-8.0.0.tgz#8304380dd2dadc1c2dcfa52816ff86be7736fc16"
  integrity sha1-gwQ4DdLa3Bwtz6UoFv+Gvnc2/BY=
  dependencies:
    postcss-selector-parser "^6.0.13"

postcss-font-variant@^5.0.0:
  version "5.0.0"
  resolved "http://r.npm.sankuai.com/postcss-font-variant/download/postcss-font-variant-5.0.0.tgz#efd59b4b7ea8bb06127f2d031bfbb7f24d32fa66"
  integrity sha1-79WbS36ouwYSfy0DG/u38k0y+mY=

postcss-gap-properties@^5.0.0:
  version "5.0.0"
  resolved "http://r.npm.sankuai.com/postcss-gap-properties/download/postcss-gap-properties-5.0.0.tgz#3bd77f3d51facb1da404b4edd72b8203929385a5"
  integrity sha1-O9d/PVH6yx2kBLTt1yuCA5KThaU=

postcss-image-set-function@^6.0.0:
  version "6.0.0"
  resolved "http://r.npm.sankuai.com/postcss-image-set-function/download/postcss-image-set-function-6.0.0.tgz#a5aba4a805ae903ab8200b584242149c48c481fb"
  integrity sha1-paukqAWukDq4IAtYQkIUnEjEgfs=
  dependencies:
    postcss-value-parser "^4.2.0"

postcss-initial@^4.0.1:
  version "4.0.1"
  resolved "http://r.npm.sankuai.com/postcss-initial/download/postcss-initial-4.0.1.tgz#529f735f72c5724a0fb30527df6fb7ac54d7de42"
  integrity sha1-Up9zX3LFckoPswUn32+3rFTX3kI=

postcss-lab-function@^6.0.0:
  version "6.0.0"
  resolved "http://r.npm.sankuai.com/postcss-lab-function/download/postcss-lab-function-6.0.0.tgz#81ae2ebfe14349116e1faf2703e7f28ddd97bd0f"
  integrity sha1-ga4uv+FDSRFuH68nA+fyjd2XvQ8=
  dependencies:
    "@csstools/css-color-parser" "^1.2.2"
    "@csstools/css-parser-algorithms" "^2.3.0"
    "@csstools/css-tokenizer" "^2.1.1"
    "@csstools/postcss-progressive-custom-properties" "^3.0.0"

postcss-logical@^7.0.0:
  version "7.0.0"
  resolved "http://r.npm.sankuai.com/postcss-logical/download/postcss-logical-7.0.0.tgz#9a83426e716e3c8f957dda3fd874edbcf22c754e"
  integrity sha1-moNCbnFuPI+Vfdo/2HTtvPIsdU4=
  dependencies:
    postcss-value-parser "^4.2.0"

postcss-nesting@^12.0.0:
  version "12.0.0"
  resolved "http://r.npm.sankuai.com/postcss-nesting/download/postcss-nesting-12.0.0.tgz#729932293b925ac5bffcb6df1e2620faa0447554"
  integrity sha1-cpkyKTuSWsW//LbfHiYg+qBEdVQ=
  dependencies:
    "@csstools/selector-specificity" "^3.0.0"
    postcss-selector-parser "^6.0.13"

postcss-opacity-percentage@^2.0.0:
  version "2.0.0"
  resolved "http://r.npm.sankuai.com/postcss-opacity-percentage/download/postcss-opacity-percentage-2.0.0.tgz#c0a56060cd4586e3f954dbde1efffc2deed53002"
  integrity sha1-wKVgYM1FhuP5VNveHv/8Le7VMAI=

postcss-overflow-shorthand@^5.0.0:
  version "5.0.0"
  resolved "http://r.npm.sankuai.com/postcss-overflow-shorthand/download/postcss-overflow-shorthand-5.0.0.tgz#1ed6d6c532cdf52b5dabec06662dc63f9207855c"
  integrity sha1-HtbWxTLN9Stdq+wGZi3GP5IHhVw=
  dependencies:
    postcss-value-parser "^4.2.0"

postcss-page-break@^3.0.4:
  version "3.0.4"
  resolved "http://r.npm.sankuai.com/postcss-page-break/download/postcss-page-break-3.0.4.tgz#7fbf741c233621622b68d435babfb70dd8c1ee5f"
  integrity sha1-f790HCM2IWIraNQ1ur+3DdjB7l8=

postcss-place@^9.0.0:
  version "9.0.0"
  resolved "http://r.npm.sankuai.com/postcss-place/download/postcss-place-9.0.0.tgz#7e47851bf40d16ce06f6013453b706100ca6c102"
  integrity sha1-fkeFG/QNFs4G9gE0U7cGEAymwQI=
  dependencies:
    postcss-value-parser "^4.2.0"

postcss-preset-env@^9.0.0:
  version "9.0.0"
  resolved "http://r.npm.sankuai.com/postcss-preset-env/download/postcss-preset-env-9.0.0.tgz#9ca4fc5c0b4a0584d4284008a33ec2d456e2b5a5"
  integrity sha1-nKT8XAtKBYTUKEAIoz7C1FbitaU=
  dependencies:
    "@csstools/postcss-cascade-layers" "^4.0.0"
    "@csstools/postcss-color-function" "^2.2.3"
    "@csstools/postcss-color-mix-function" "^1.0.3"
    "@csstools/postcss-font-format-keywords" "^3.0.0"
    "@csstools/postcss-gradients-interpolation-method" "^4.0.0"
    "@csstools/postcss-hwb-function" "^3.0.0"
    "@csstools/postcss-ic-unit" "^3.0.0"
    "@csstools/postcss-is-pseudo-class" "^4.0.0"
    "@csstools/postcss-logical-float-and-clear" "^2.0.0"
    "@csstools/postcss-logical-resize" "^2.0.0"
    "@csstools/postcss-logical-viewport-units" "^2.0.0"
    "@csstools/postcss-media-minmax" "^1.0.5"
    "@csstools/postcss-media-queries-aspect-ratio-number-values" "^2.0.0"
    "@csstools/postcss-nested-calc" "^3.0.0"
    "@csstools/postcss-normalize-display-values" "^3.0.0"
    "@csstools/postcss-oklab-function" "^3.0.0"
    "@csstools/postcss-progressive-custom-properties" "^3.0.0"
    "@csstools/postcss-relative-color-syntax" "^2.0.0"
    "@csstools/postcss-scope-pseudo-class" "^3.0.0"
    "@csstools/postcss-stepped-value-functions" "^3.0.0"
    "@csstools/postcss-text-decoration-shorthand" "^3.0.0"
    "@csstools/postcss-trigonometric-functions" "^3.0.0"
    "@csstools/postcss-unset-value" "^3.0.0"
    autoprefixer "^10.4.14"
    browserslist "^4.21.9"
    css-blank-pseudo "^6.0.0"
    css-has-pseudo "^6.0.0"
    css-prefers-color-scheme "^9.0.0"
    cssdb "^7.6.0"
    postcss-attribute-case-insensitive "^6.0.2"
    postcss-clamp "^4.1.0"
    postcss-color-functional-notation "^6.0.0"
    postcss-color-hex-alpha "^9.0.2"
    postcss-color-rebeccapurple "^9.0.0"
    postcss-custom-media "^10.0.0"
    postcss-custom-properties "^13.2.1"
    postcss-custom-selectors "^7.1.4"
    postcss-dir-pseudo-class "^8.0.0"
    postcss-double-position-gradients "^5.0.0"
    postcss-focus-visible "^9.0.0"
    postcss-focus-within "^8.0.0"
    postcss-font-variant "^5.0.0"
    postcss-gap-properties "^5.0.0"
    postcss-image-set-function "^6.0.0"
    postcss-initial "^4.0.1"
    postcss-lab-function "^6.0.0"
    postcss-logical "^7.0.0"
    postcss-nesting "^12.0.0"
    postcss-opacity-percentage "^2.0.0"
    postcss-overflow-shorthand "^5.0.0"
    postcss-page-break "^3.0.4"
    postcss-place "^9.0.0"
    postcss-pseudo-class-any-link "^9.0.0"
    postcss-replace-overflow-wrap "^4.0.0"
    postcss-selector-not "^7.0.1"
    postcss-value-parser "^4.2.0"

postcss-pseudo-class-any-link@^9.0.0:
  version "9.0.0"
  resolved "http://r.npm.sankuai.com/postcss-pseudo-class-any-link/download/postcss-pseudo-class-any-link-9.0.0.tgz#5fb5b700e0ecdc845a94eb433b8ccff756cbf660"
  integrity sha1-X7W3AODs3IRalOtDO4zP91bL9mA=
  dependencies:
    postcss-selector-parser "^6.0.13"

postcss-replace-overflow-wrap@^4.0.0:
  version "4.0.0"
  resolved "http://r.npm.sankuai.com/postcss-replace-overflow-wrap/download/postcss-replace-overflow-wrap-4.0.0.tgz#d2df6bed10b477bf9c52fab28c568b4b29ca4319"
  integrity sha1-0t9r7RC0d7+cUvqyjFaLSynKQxk=

postcss-selector-not@^7.0.1:
  version "7.0.1"
  resolved "http://r.npm.sankuai.com/postcss-selector-not/download/postcss-selector-not-7.0.1.tgz#8142e90c8eb6c8c5faecb3e9d96d4353d02e94fb"
  integrity sha1-gULpDI62yMX67LPp2W1DU9AulPs=
  dependencies:
    postcss-selector-parser "^6.0.10"

postcss-selector-parser@^6.0.10, postcss-selector-parser@^6.0.13:
  version "6.0.13"
  resolved "http://r.npm.sankuai.com/postcss-selector-parser/download/postcss-selector-parser-6.0.13.tgz#d05d8d76b1e8e173257ef9d60b706a8e5e99bf1b"
  integrity sha1-0F2NdrHo4XMlfvnWC3Bqjl6Zvxs=
  dependencies:
    cssesc "^3.0.0"
    util-deprecate "^1.0.2"

postcss-value-parser@^4.2.0:
  version "4.2.0"
  resolved "http://r.npm.sankuai.com/postcss-value-parser/download/postcss-value-parser-4.2.0.tgz#723c09920836ba6d3e5af019f92bc0971c02e514"
  integrity sha1-cjwJkgg2um0+WvAZ+SvAlxwC5RQ=

postcss@^8.4.25:
  version "8.4.26"
  resolved "http://r.npm.sankuai.com/postcss/download/postcss-8.4.26.tgz#1bc62ab19f8e1e5463d98cf74af39702a00a9e94"
  integrity sha1-G8YqsZ+OHlRj2Yz3SvOXAqAKnpQ=
  dependencies:
    nanoid "^3.3.6"
    picocolors "^1.0.0"
    source-map-js "^1.0.2"

rollup@^3.25.2:
  version "3.26.2"
  resolved "http://r.npm.sankuai.com/rollup/download/rollup-3.26.2.tgz#2e76a37606cb523fc9fef43e6f59c93f86d95e7c"
  integrity sha1-LnajdgbLUj/J/vQ+b1nJP4bZXnw=
  optionalDependencies:
    fsevents "~2.3.2"

source-map-js@^1.0.2:
  version "1.0.2"
  resolved "http://r.npm.sankuai.com/source-map-js/download/source-map-js-1.0.2.tgz#adbc361d9c62df380125e7f161f71c826f1e490c"
  integrity sha1-rbw2HZxi3zgBJefxYfccgm8eSQw=

update-browserslist-db@^1.0.11:
  version "1.0.11"
  resolved "http://r.npm.sankuai.com/update-browserslist-db/download/update-browserslist-db-1.0.11.tgz#9a2a641ad2907ae7b3616506f4b977851db5b940"
  integrity sha1-mipkGtKQeuezYWUG9Ll3hR21uUA=
  dependencies:
    escalade "^3.1.1"
    picocolors "^1.0.0"

util-deprecate@^1.0.2:
  version "1.0.2"
  resolved "http://r.npm.sankuai.com/util-deprecate/download/util-deprecate-1.0.2.tgz#450d4dc9fa70de732762fbd2d4a28981419a0ccf"
  integrity sha1-RQ1Nyfpw3nMnYvvS1KKJgUGaDM8=

vite@^4.4.4:
  version "4.4.4"
  resolved "http://r.npm.sankuai.com/vite/download/vite-4.4.4.tgz#b76e6049c0e080cb54e735ad2d18287753752118"
  integrity sha1-t25gScDggMtU5zWtLRgod1N1IRg=
  dependencies:
    esbuild "^0.18.10"
    postcss "^8.4.25"
    rollup "^3.25.2"
  optionalDependencies:
    fsevents "~2.3.2"
